
Microsoft Visual Studio Solution File, Format Version 12.00
# Visual Studio 15
Project("{FAE04EC0-301F-11D3-BF4B-00C04F79EFBC}") = "Assembly-CSharp", "Assembly-CSharp.csproj", "{90A1FC4E-B587-0344-E506-73AB2BA85FB0}"
EndProject
Project("{FAE04EC0-301F-11D3-BF4B-00C04F79EFBC}") = "Assembly-CSharp-Editor", "Assembly-CSharp-Editor.csproj", "{921B1CDA-E0EB-A96E-BA0A-CF1578F664D0}"
EndProject
Global
	GlobalSection(SolutionConfigurationPlatforms) = preSolution
		Debug|Any CPU = Debug|Any CPU
		Release|Any CPU = Release|Any CPU
	EndGlobalSection
	GlobalSection(ProjectConfigurationPlatforms) = postSolution
		{90A1FC4E-B587-0344-E506-73AB2BA85FB0}.Debug|Any CPU.ActiveCfg = Debug|Any CPU
		{90A1FC4E-B587-0344-E506-73AB2BA85FB0}.Debug|Any CPU.Build.0 = Debug|Any CPU
		{90A1FC4E-B587-0344-E506-73AB2BA85FB0}.Release|Any CPU.ActiveCfg = Release|Any CPU
		{90A1FC4E-B587-0344-E506-73AB2BA85FB0}.Release|Any CPU.Build.0 = Release|Any CPU
		{921B1CDA-E0EB-A96E-BA0A-CF1578F664D0}.Debug|Any CPU.ActiveCfg = Debug|Any CPU
		{921B1CDA-E0EB-A96E-BA0A-CF1578F664D0}.Debug|Any CPU.Build.0 = Debug|Any CPU
		{921B1CDA-E0EB-A96E-BA0A-CF1578F664D0}.Release|Any CPU.ActiveCfg = Release|Any CPU
		{921B1CDA-E0EB-A96E-BA0A-CF1578F664D0}.Release|Any CPU.Build.0 = Release|Any CPU
	EndGlobalSection
	GlobalSection(SolutionProperties) = preSolution
		HideSolutionNode = FALSE
	EndGlobalSection
EndGlobal
